
Microsoft Visual Studio Solution File, Format Version 12.00
# Visual Studio Version 17
VisualStudioVersion = 17.13.35931.197
MinimumVisualStudioVersion = 10.0.40219.1
Project("{FAE04EC0-301F-11D3-BF4B-00C04F79EFBC}") = "WebApi", "WebApi\WebApi.csproj", "{8A164BF8-2446-46A4-9376-6085DFBFB3FD}"
EndProject
Project("{FAE04EC0-301F-11D3-BF4B-00C04F79EFBC}") = "Business", "Business\Business.csproj", "{5714A573-C550-4E02-8656-593C11691F00}"
EndProject
Project("{FAE04EC0-301F-11D3-BF4B-00C04F79EFBC}") = "Data", "Data\Data.csproj", "{285502CD-E816-46CB-972E-7DD6BB68C488}"
EndProject
Global
	GlobalSection(SolutionConfigurationPlatforms) = preSolution
		Debug|Any CPU = Debug|Any CPU
		Release|Any CPU = Release|Any CPU
	EndGlobalSection
	GlobalSection(ProjectConfigurationPlatforms) = postSolution
		{8A164BF8-2446-46A4-9376-6085DFBFB3FD}.Debug|Any CPU.ActiveCfg = Debug|Any CPU
		{8A164BF8-2446-46A4-9376-6085DFBFB3FD}.Debug|Any CPU.Build.0 = Debug|Any CPU
		{8A164BF8-2446-46A4-9376-6085DFBFB3FD}.Release|Any CPU.ActiveCfg = Release|Any CPU
		{8A164BF8-2446-46A4-9376-6085DFBFB3FD}.Release|Any CPU.Build.0 = Release|Any CPU
		{5714A573-C550-4E02-8656-593C11691F00}.Debug|Any CPU.ActiveCfg = Debug|Any CPU
		{5714A573-C550-4E02-8656-593C11691F00}.Debug|Any CPU.Build.0 = Debug|Any CPU
		{5714A573-C550-4E02-8656-593C11691F00}.Release|Any CPU.ActiveCfg = Release|Any CPU
		{5714A573-C550-4E02-8656-593C11691F00}.Release|Any CPU.Build.0 = Release|Any CPU
		{285502CD-E816-46CB-972E-7DD6BB68C488}.Debug|Any CPU.ActiveCfg = Debug|Any CPU
		{285502CD-E816-46CB-972E-7DD6BB68C488}.Debug|Any CPU.Build.0 = Debug|Any CPU
		{285502CD-E816-46CB-972E-7DD6BB68C488}.Release|Any CPU.ActiveCfg = Release|Any CPU
		{285502CD-E816-46CB-972E-7DD6BB68C488}.Release|Any CPU.Build.0 = Release|Any CPU
	EndGlobalSection
	GlobalSection(SolutionProperties) = preSolution
		HideSolutionNode = FALSE
	EndGlobalSection
	GlobalSection(ExtensibilityGlobals) = postSolution
		SolutionGuid = {13E8DD20-1A45-4345-99EA-94FB47581660}
	EndGlobalSection
EndGlobal
